// !$*UTF8*$!
{
	archiveVersion = 1;
	classes = {
	};
	objectVersion = 46;
	objects = {

/* Begin PBXBuildFile section */
		A4546CA721D64053A510EB93 /* libPods.a in Frameworks */ = {isa = PBXBuildFile; fileRef = 8E9BA53C6F404800AB4F4304 /* libPods.a */; };
		A9172679551A4505B1D37547 /* libPods-PlasmaTests.a in Frameworks */ = {isa = PBXBuildFile; fileRef = 4DABB8023C674FC1ADAC73D9 /* libPods-PlasmaTests.a */; };
		B9B0FC62169C70AB00506147 /* Foundation.framework in Frameworks */ = {isa = PBXBuildFile; fileRef = B9B0FC61169C70AB00506147 /* Foundation.framework */; };
		B9B0FC67169C70AB00506147 /* Plasma.h in CopyFiles */ = {isa = PBXBuildFile; fileRef = B9B0FC66169C70AB00506147 /* Plasma.h */; };
		B9B0FC69169C70AB00506147 /* Plasma.m in Sources */ = {isa = PBXBuildFile; fileRef = B9B0FC68169C70AB00506147 /* Plasma.m */; };
		B9B0FC71169C70AB00506147 /* SenTestingKit.framework in Frameworks */ = {isa = PBXBuildFile; fileRef = B9B0FC70169C70AB00506147 /* SenTestingKit.framework */; };
		B9B0FC73169C70AB00506147 /* UIKit.framework in Frameworks */ = {isa = PBXBuildFile; fileRef = B9B0FC72169C70AB00506147 /* UIKit.framework */; };
		B9B0FC74169C70AB00506147 /* Foundation.framework in Frameworks */ = {isa = PBXBuildFile; fileRef = B9B0FC61169C70AB00506147 /* Foundation.framework */; };
		B9B0FC77169C70AB00506147 /* libPlasma.a in Frameworks */ = {isa = PBXBuildFile; fileRef = B9B0FC5E169C70AB00506147 /* libPlasma.a */; };
		B9B0FC7D169C70AB00506147 /* InfoPlist.strings in Resources */ = {isa = PBXBuildFile; fileRef = B9B0FC7B169C70AB00506147 /* InfoPlist.strings */; };
		B9B0FC80169C70AB00506147 /* PlasmaTests.m in Sources */ = {isa = PBXBuildFile; fileRef = B9B0FC7F169C70AB00506147 /* PlasmaTests.m */; };
		D0424154767917713846ABCE /* PLAValueTransformer.m in Sources */ = {isa = PBXBuildFile; fileRef = D04245CB21F88CA8B66D87FB /* PLAValueTransformer.m */; };
		D0424165411E0DF6BF5CC5B4 /* PLAValueTransformer.m in Sources */ = {isa = PBXBuildFile; fileRef = D04245CB21F88CA8B66D87FB /* PLAValueTransformer.m */; };
		D04242FE187D3349BB16E4E0 /* PLAModel.m in Sources */ = {isa = PBXBuildFile; fileRef = D042418BF7AD07F9E35D6DD9 /* PLAModel.m */; };
		D0424770BEB0852678E95B5C /* PLAModel.h in CopyFiles */ = {isa = PBXBuildFile; fileRef = D0424007152C7D71598370EE /* PLAModel.h */; };
		D04247C9AAC056A8818218F7 /* PLAValueTransformer.h in CopyFiles */ = {isa = PBXBuildFile; fileRef = D0424EDC0A1B008B7C8511FB /* PLAValueTransformer.h */; };
		D04248978032CBD06DDB6F92 /* GHIssue.m in Sources */ = {isa = PBXBuildFile; fileRef = D042450458114BD07E86A108 /* GHIssue.m */; };
		D042490504FB8AA7A111D7A0 /* PLAValueAdapter.h in CopyFiles */ = {isa = PBXBuildFile; fileRef = D0424EDF9DCB20DB5ECB65A9 /* PLAValueAdapter.h */; };
		D0424B47A99CD8258E848002 /* PLAValueAdapter.m in Sources */ = {isa = PBXBuildFile; fileRef = D04242A8022CE9F187A2BAD7 /* PLAValueAdapter.m */; };
		D0424DCCBC2B484FD97454EB /* PLAValueAdapter.m in Sources */ = {isa = PBXBuildFile; fileRef = D04242A8022CE9F187A2BAD7 /* PLAValueAdapter.m */; };
		D0424E96CDA2EA8511D860BC /* PLAModel.m in Sources */ = {isa = PBXBuildFile; fileRef = D042418BF7AD07F9E35D6DD9 /* PLAModel.m */; };
/* End PBXBuildFile section */

/* Begin PBXContainerItemProxy section */
		B9B0FC75169C70AB00506147 /* PBXContainerItemProxy */ = {
			isa = PBXContainerItemProxy;
			containerPortal = B9B0FC55169C70AB00506147 /* Project object */;
			proxyType = 1;
			remoteGlobalIDString = B9B0FC5D169C70AB00506147;
			remoteInfo = Plasma;
		};
/* End PBXContainerItemProxy section */

/* Begin PBXCopyFilesBuildPhase section */
		B9B0FC5C169C70AB00506147 /* CopyFiles */ = {
			isa = PBXCopyFilesBuildPhase;
			buildActionMask = 2147483647;
			dstPath = "include/${PRODUCT_NAME}";
			dstSubfolderSpec = 16;
			files = (
				B9B0FC67169C70AB00506147 /* Plasma.h in CopyFiles */,
				D04247C9AAC056A8818218F7 /* PLAValueTransformer.h in CopyFiles */,
				D0424770BEB0852678E95B5C /* PLAModel.h in CopyFiles */,
				D042490504FB8AA7A111D7A0 /* PLAValueAdapter.h in CopyFiles */,
			);
			runOnlyForDeploymentPostprocessing = 0;
		};
/* End PBXCopyFilesBuildPhase section */

/* Begin PBXFileReference section */
		4DABB8023C674FC1ADAC73D9 /* libPods-PlasmaTests.a */ = {isa = PBXFileReference; explicitFileType = archive.ar; includeInIndex = 0; name = "libPods-PlasmaTests.a"; path = "libPods-PlasmaTests.a"; sourceTree = BUILT_PRODUCTS_DIR; };
		8E9BA53C6F404800AB4F4304 /* libPods.a */ = {isa = PBXFileReference; explicitFileType = archive.ar; includeInIndex = 0; name = libPods.a; path = libPods.a; sourceTree = BUILT_PRODUCTS_DIR; };
		91376315A27C49B9875A6615 /* Pods.xcconfig */ = {isa = PBXFileReference; includeInIndex = 1; lastKnownFileType = text.xcconfig; name = Pods.xcconfig; path = Pods/Pods.xcconfig; sourceTree = SOURCE_ROOT; };
		B9B0FC5E169C70AB00506147 /* libPlasma.a */ = {isa = PBXFileReference; explicitFileType = archive.ar; includeInIndex = 0; name = libPlasma.a; path = libPlasma.a; sourceTree = BUILT_PRODUCTS_DIR; };
		B9B0FC61169C70AB00506147 /* Foundation.framework */ = {isa = PBXFileReference; includeInIndex = 1; lastKnownFileType = wrapper.framework; name = Foundation.framework; path = System/Library/Frameworks/Foundation.framework; sourceTree = SDKROOT; };
		B9B0FC65169C70AB00506147 /* Plasma-Prefix.pch */ = {isa = PBXFileReference; lastKnownFileType = sourcecode.c.h; path = "Plasma-Prefix.pch"; sourceTree = "<group>"; };
		B9B0FC66169C70AB00506147 /* Plasma.h */ = {isa = PBXFileReference; lastKnownFileType = sourcecode.c.h; path = Plasma.h; sourceTree = "<group>"; };
		B9B0FC68169C70AB00506147 /* Plasma.m */ = {isa = PBXFileReference; lastKnownFileType = sourcecode.c.objc; path = Plasma.m; sourceTree = "<group>"; };
		B9B0FC6F169C70AB00506147 /* PlasmaTests.octest */ = {isa = PBXFileReference; explicitFileType = wrapper.cfbundle; includeInIndex = 0; name = PlasmaTests.octest; path = PlasmaTests.octest; sourceTree = BUILT_PRODUCTS_DIR; };
		B9B0FC70169C70AB00506147 /* SenTestingKit.framework */ = {isa = PBXFileReference; includeInIndex = 1; lastKnownFileType = wrapper.framework; name = SenTestingKit.framework; path = Library/Frameworks/SenTestingKit.framework; sourceTree = DEVELOPER_DIR; };
		B9B0FC72169C70AB00506147 /* UIKit.framework */ = {isa = PBXFileReference; includeInIndex = 1; lastKnownFileType = wrapper.framework; name = UIKit.framework; path = Library/Frameworks/UIKit.framework; sourceTree = DEVELOPER_DIR; };
		B9B0FC7A169C70AB00506147 /* PlasmaTests-Info.plist */ = {isa = PBXFileReference; lastKnownFileType = text.plist.xml; path = "PlasmaTests-Info.plist"; sourceTree = "<group>"; };
		B9B0FC7C169C70AB00506147 /* en */ = {isa = PBXFileReference; lastKnownFileType = text.plist.strings; name = en; path = en.lproj/InfoPlist.strings; sourceTree = "<group>"; };
		B9B0FC7E169C70AB00506147 /* PlasmaTests.h */ = {isa = PBXFileReference; lastKnownFileType = sourcecode.c.h; path = PlasmaTests.h; sourceTree = "<group>"; };
		B9B0FC7F169C70AB00506147 /* PlasmaTests.m */ = {isa = PBXFileReference; lastKnownFileType = sourcecode.c.objc; path = PlasmaTests.m; sourceTree = "<group>"; };
		D0424007152C7D71598370EE /* PLAModel.h */ = {isa = PBXFileReference; fileEncoding = 4; lastKnownFileType = sourcecode.c.h; path = PLAModel.h; sourceTree = "<group>"; };
		D042418BF7AD07F9E35D6DD9 /* PLAModel.m */ = {isa = PBXFileReference; fileEncoding = 4; lastKnownFileType = sourcecode.c.objc; path = PLAModel.m; sourceTree = "<group>"; };
		D04242A8022CE9F187A2BAD7 /* PLAValueAdapter.m */ = {isa = PBXFileReference; fileEncoding = 4; lastKnownFileType = sourcecode.c.objc; path = PLAValueAdapter.m; sourceTree = "<group>"; };
		D042450458114BD07E86A108 /* GHIssue.m */ = {isa = PBXFileReference; fileEncoding = 4; lastKnownFileType = sourcecode.c.objc; path = GHIssue.m; sourceTree = "<group>"; };
		D04245CB21F88CA8B66D87FB /* PLAValueTransformer.m */ = {isa = PBXFileReference; fileEncoding = 4; lastKnownFileType = sourcecode.c.objc; path = PLAValueTransformer.m; sourceTree = "<group>"; };
		D0424CF0F5B94D1A932C9E3E /* GHIssue.h */ = {isa = PBXFileReference; fileEncoding = 4; lastKnownFileType = sourcecode.c.h; path = GHIssue.h; sourceTree = "<group>"; };
		D0424EDC0A1B008B7C8511FB /* PLAValueTransformer.h */ = {isa = PBXFileReference; fileEncoding = 4; lastKnownFileType = sourcecode.c.h; path = PLAValueTransformer.h; sourceTree = "<group>"; };
		D0424EDF9DCB20DB5ECB65A9 /* PLAValueAdapter.h */ = {isa = PBXFileReference; fileEncoding = 4; lastKnownFileType = sourcecode.c.h; path = PLAValueAdapter.h; sourceTree = "<group>"; };
		EC181BEF976546739FF995C7 /* Pods-PlasmaTests.xcconfig */ = {isa = PBXFileReference; includeInIndex = 1; lastKnownFileType = text.xcconfig; name = "Pods-PlasmaTests.xcconfig"; path = "Pods/Pods-PlasmaTests.xcconfig"; sourceTree = SOURCE_ROOT; };
/* End PBXFileReference section */

/* Begin PBXFrameworksBuildPhase section */
		B9B0FC5B169C70AB00506147 /* Frameworks */ = {
			isa = PBXFrameworksBuildPhase;
			buildActionMask = 2147483647;
			files = (
				B9B0FC62169C70AB00506147 /* Foundation.framework in Frameworks */,
				A4546CA721D64053A510EB93 /* libPods.a in Frameworks */,
			);
			runOnlyForDeploymentPostprocessing = 0;
		};
		B9B0FC6B169C70AB00506147 /* Frameworks */ = {
			isa = PBXFrameworksBuildPhase;
			buildActionMask = 2147483647;
			files = (
				B9B0FC71169C70AB00506147 /* SenTestingKit.framework in Frameworks */,
				B9B0FC73169C70AB00506147 /* UIKit.framework in Frameworks */,
				B9B0FC74169C70AB00506147 /* Foundation.framework in Frameworks */,
				B9B0FC77169C70AB00506147 /* libPlasma.a in Frameworks */,
				A9172679551A4505B1D37547 /* libPods-PlasmaTests.a in Frameworks */,
			);
			runOnlyForDeploymentPostprocessing = 0;
		};
/* End PBXFrameworksBuildPhase section */

/* Begin PBXGroup section */
		B9B0FC53169C70AB00506147 = {
			isa = PBXGroup;
			children = (
				B9B0FC63169C70AB00506147 /* Plasma */,
				B9B0FC78169C70AB00506147 /* PlasmaTests */,
				B9B0FC60169C70AB00506147 /* Frameworks */,
				B9B0FC5F169C70AB00506147 /* Products */,
				91376315A27C49B9875A6615 /* Pods.xcconfig */,
				EC181BEF976546739FF995C7 /* Pods-PlasmaTests.xcconfig */,
			);
			sourceTree = "<group>";
		};
		B9B0FC5F169C70AB00506147 /* Products */ = {
			isa = PBXGroup;
			children = (
				B9B0FC5E169C70AB00506147 /* libPlasma.a */,
				B9B0FC6F169C70AB00506147 /* PlasmaTests.octest */,
			);
			name = Products;
			sourceTree = "<group>";
		};
		B9B0FC60169C70AB00506147 /* Frameworks */ = {
			isa = PBXGroup;
			children = (
				B9B0FC61169C70AB00506147 /* Foundation.framework */,
				B9B0FC70169C70AB00506147 /* SenTestingKit.framework */,
				B9B0FC72169C70AB00506147 /* UIKit.framework */,
				8E9BA53C6F404800AB4F4304 /* libPods.a */,
				4DABB8023C674FC1ADAC73D9 /* libPods-PlasmaTests.a */,
			);
			name = Frameworks;
			sourceTree = "<group>";
		};
		B9B0FC63169C70AB00506147 /* Plasma */ = {
			isa = PBXGroup;
			children = (
				B9B0FC66169C70AB00506147 /* Plasma.h */,
				B9B0FC68169C70AB00506147 /* Plasma.m */,
				B9B0FC64169C70AB00506147 /* Supporting Files */,
				D04240A8C6AB012170329D07 /* Transformer */,
				D0424B3DAEDB6751B3BE60D5 /* Core */,
			);
			path = Plasma;
			sourceTree = "<group>";
		};
		B9B0FC64169C70AB00506147 /* Supporting Files */ = {
			isa = PBXGroup;
			children = (
				B9B0FC65169C70AB00506147 /* Plasma-Prefix.pch */,
			);
			name = "Supporting Files";
			sourceTree = "<group>";
		};
		B9B0FC78169C70AB00506147 /* PlasmaTests */ = {
			isa = PBXGroup;
			children = (
				B9B0FC7E169C70AB00506147 /* PlasmaTests.h */,
				B9B0FC7F169C70AB00506147 /* PlasmaTests.m */,
				B9B0FC79169C70AB00506147 /* Supporting Files */,
				D04241DF4806B1B267D05C64 /* PlasmaModels */,
			);
			path = PlasmaTests;
			sourceTree = "<group>";
		};
		B9B0FC79169C70AB00506147 /* Supporting Files */ = {
			isa = PBXGroup;
			children = (
				B9B0FC7A169C70AB00506147 /* PlasmaTests-Info.plist */,
				B9B0FC7B169C70AB00506147 /* InfoPlist.strings */,
			);
			name = "Supporting Files";
			sourceTree = "<group>";
		};
		D04240A8C6AB012170329D07 /* Transformer */ = {
			isa = PBXGroup;
			children = (
				D04245CB21F88CA8B66D87FB /* PLAValueTransformer.m */,
				D0424EDC0A1B008B7C8511FB /* PLAValueTransformer.h */,
			);
			path = Transformer;
			sourceTree = "<group>";
		};
		D04241DF4806B1B267D05C64 /* PlasmaModels */ = {
			isa = PBXGroup;
			children = (
				D042450458114BD07E86A108 /* GHIssue.m */,
				D0424CF0F5B94D1A932C9E3E /* GHIssue.h */,
			);
			lastKnownFileType = text;
			path = PlasmaModels;
			sourceTree = "<group>";
		};
		D0424B3DAEDB6751B3BE60D5 /* Core */ = {
			isa = PBXGroup;
			children = (
				D042418BF7AD07F9E35D6DD9 /* PLAModel.m */,
				D0424007152C7D71598370EE /* PLAModel.h */,
				D04242A8022CE9F187A2BAD7 /* PLAValueAdapter.m */,
				D0424EDF9DCB20DB5ECB65A9 /* PLAValueAdapter.h */,
			);
			path = Core;
			sourceTree = "<group>";
		};
/* End PBXGroup section */

/* Begin PBXNativeTarget section */
		B9B0FC5D169C70AB00506147 /* Plasma */ = {
			isa = PBXNativeTarget;
			buildConfigurationList = B9B0FC83169C70AB00506147 /* Build configuration list for PBXNativeTarget "Plasma" */;
			buildPhases = (
				B9B0FC5A169C70AB00506147 /* Sources */,
				B9B0FC5B169C70AB00506147 /* Frameworks */,
				B9B0FC5C169C70AB00506147 /* CopyFiles */,
				592692EE65C242E28A8BB39E /* Copy Pods Resources */,
			);
			buildRules = (
			);
			dependencies = (
			);
			name = Plasma;
			productName = Plasma;
			productReference = B9B0FC5E169C70AB00506147 /* libPlasma.a */;
			productType = "com.apple.product-type.library.static";
		};
		B9B0FC6E169C70AB00506147 /* PlasmaTests */ = {
			isa = PBXNativeTarget;
			buildConfigurationList = B9B0FC86169C70AB00506147 /* Build configuration list for PBXNativeTarget "PlasmaTests" */;
			buildPhases = (
				B9B0FC6A169C70AB00506147 /* Sources */,
				B9B0FC6B169C70AB00506147 /* Frameworks */,
				B9B0FC6C169C70AB00506147 /* Resources */,
				B9B0FC6D169C70AB00506147 /* ShellScript */,
				CA2883DDB98C432182645F30 /* Copy Pods Resources */,
			);
			buildRules = (
			);
			dependencies = (
				B9B0FC76169C70AB00506147 /* PBXTargetDependency */,
			);
			name = PlasmaTests;
			productName = PlasmaTests;
			productReference = B9B0FC6F169C70AB00506147 /* PlasmaTests.octest */;
			productType = "com.apple.product-type.bundle";
		};
/* End PBXNativeTarget section */

/* Begin PBXProject section */
		B9B0FC55169C70AB00506147 /* Project object */ = {
			isa = PBXProject;
			attributes = {
				LastUpgradeCheck = 0450;
				ORGANIZATIONNAME = yaakaito.org;
			};
			buildConfigurationList = B9B0FC58169C70AB00506147 /* Build configuration list for PBXProject "Plasma" */;
			compatibilityVersion = "Xcode 3.2";
			developmentRegion = English;
			hasScannedForEncodings = 0;
			knownRegions = (
				en,
			);
			mainGroup = B9B0FC53169C70AB00506147;
			productRefGroup = B9B0FC5F169C70AB00506147 /* Products */;
			projectDirPath = "";
			projectRoot = "";
			targets = (
				B9B0FC5D169C70AB00506147 /* Plasma */,
				B9B0FC6E169C70AB00506147 /* PlasmaTests */,
			);
		};
/* End PBXProject section */

/* Begin PBXResourcesBuildPhase section */
		B9B0FC6C169C70AB00506147 /* Resources */ = {
			isa = PBXResourcesBuildPhase;
			buildActionMask = 2147483647;
			files = (
				B9B0FC7D169C70AB00506147 /* InfoPlist.strings in Resources */,
			);
			runOnlyForDeploymentPostprocessing = 0;
		};
/* End PBXResourcesBuildPhase section */

/* Begin PBXShellScriptBuildPhase section */
		592692EE65C242E28A8BB39E /* Copy Pods Resources */ = {
			isa = PBXShellScriptBuildPhase;
			buildActionMask = 2147483647;
			files = (
			);
			inputPaths = (
			);
			name = "Copy Pods Resources";
			outputPaths = (
			);
			runOnlyForDeploymentPostprocessing = 0;
			shellPath = /bin/sh;
			shellScript = "\"${SRCROOT}/Pods/Pods-resources.sh\"\n";
		};
		B9B0FC6D169C70AB00506147 /* ShellScript */ = {
			isa = PBXShellScriptBuildPhase;
			buildActionMask = 2147483647;
			files = (
			);
			inputPaths = (
			);
			outputPaths = (
			);
			runOnlyForDeploymentPostprocessing = 0;
			shellPath = /bin/sh;
			shellScript = "# Run the unit tests in this test bundle.\n\"${SYSTEM_DEVELOPER_DIR}/Tools/RunUnitTests\"\n";
		};
		CA2883DDB98C432182645F30 /* Copy Pods Resources */ = {
			isa = PBXShellScriptBuildPhase;
			buildActionMask = 2147483647;
			files = (
			);
			inputPaths = (
			);
			name = "Copy Pods Resources";
			outputPaths = (
			);
			runOnlyForDeploymentPostprocessing = 0;
			shellPath = /bin/sh;
			shellScript = "\"${SRCROOT}/Pods/Pods-PlasmaTests-resources.sh\"\n";
		};
/* End PBXShellScriptBuildPhase section */

/* Begin PBXSourcesBuildPhase section */
		B9B0FC5A169C70AB00506147 /* Sources */ = {
			isa = PBXSourcesBuildPhase;
			buildActionMask = 2147483647;
			files = (
				B9B0FC69169C70AB00506147 /* Plasma.m in Sources */,
				D0424154767917713846ABCE /* PLAValueTransformer.m in Sources */,
				D0424E96CDA2EA8511D860BC /* PLAModel.m in Sources */,
				D0424B47A99CD8258E848002 /* PLAValueAdapter.m in Sources */,
			);
			runOnlyForDeploymentPostprocessing = 0;
		};
		B9B0FC6A169C70AB00506147 /* Sources */ = {
			isa = PBXSourcesBuildPhase;
			buildActionMask = 2147483647;
			files = (
				B9B0FC80169C70AB00506147 /* PlasmaTests.m in Sources */,
				D0424165411E0DF6BF5CC5B4 /* PLAValueTransformer.m in Sources */,
				D04242FE187D3349BB16E4E0 /* PLAModel.m in Sources */,
				D0424DCCBC2B484FD97454EB /* PLAValueAdapter.m in Sources */,
				D04248978032CBD06DDB6F92 /* GHIssue.m in Sources */,
			);
			runOnlyForDeploymentPostprocessing = 0;
		};
/* End PBXSourcesBuildPhase section */

/* Begin PBXTargetDependency section */
		B9B0FC76169C70AB00506147 /* PBXTargetDependency */ = {
			isa = PBXTargetDependency;
			target = B9B0FC5D169C70AB00506147 /* Plasma */;
			targetProxy = B9B0FC75169C70AB00506147 /* PBXContainerItemProxy */;
		};
/* End PBXTargetDependency section */

/* Begin PBXVariantGroup section */
		B9B0FC7B169C70AB00506147 /* InfoPlist.strings */ = {
			isa = PBXVariantGroup;
			children = (
				B9B0FC7C169C70AB00506147 /* en */,
			);
			name = InfoPlist.strings;
			sourceTree = "<group>";
		};
/* End PBXVariantGroup section */

/* Begin XCBuildConfiguration section */
		B9B0FC81169C70AB00506147 /* Debug */ = {
			isa = XCBuildConfiguration;
			buildSettings = {
				ALWAYS_SEARCH_USER_PATHS = NO;
				CLANG_CXX_LANGUAGE_STANDARD = "gnu++0x";
				CLANG_CXX_LIBRARY = "libc++";
				CLANG_ENABLE_OBJC_ARC = YES;
				CLANG_WARN_EMPTY_BODY = YES;
				CLANG_WARN__DUPLICATE_METHOD_MATCH = YES;
				COPY_PHASE_STRIP = NO;
				GCC_C_LANGUAGE_STANDARD = gnu99;
				GCC_DYNAMIC_NO_PIC = NO;
				GCC_OPTIMIZATION_LEVEL = 0;
				GCC_PREPROCESSOR_DEFINITIONS = (
					"DEBUG=1",
					"$(inherited)",
				);
				GCC_SYMBOLS_PRIVATE_EXTERN = NO;
				GCC_WARN_ABOUT_RETURN_TYPE = YES;
				GCC_WARN_UNINITIALIZED_AUTOS = YES;
				GCC_WARN_UNUSED_VARIABLE = YES;
				IPHONEOS_DEPLOYMENT_TARGET = 5.0;
				SDKROOT = iphoneos;
			};
			name = Debug;
		};
		B9B0FC82169C70AB00506147 /* Release */ = {
			isa = XCBuildConfiguration;
			buildSettings = {
				ALWAYS_SEARCH_USER_PATHS = NO;
				CLANG_CXX_LANGUAGE_STANDARD = "gnu++0x";
				CLANG_CXX_LIBRARY = "libc++";
				CLANG_ENABLE_OBJC_ARC = YES;
				CLANG_WARN_EMPTY_BODY = YES;
				CLANG_WARN__DUPLICATE_METHOD_MATCH = YES;
				COPY_PHASE_STRIP = YES;
				GCC_C_LANGUAGE_STANDARD = gnu99;
				GCC_WARN_ABOUT_RETURN_TYPE = YES;
				GCC_WARN_UNINITIALIZED_AUTOS = YES;
				GCC_WARN_UNUSED_VARIABLE = YES;
				IPHONEOS_DEPLOYMENT_TARGET = 5.0;
				SDKROOT = iphoneos;
				VALIDATE_PRODUCT = YES;
			};
			name = Release;
		};
		B9B0FC84169C70AB00506147 /* Debug */ = {
			isa = XCBuildConfiguration;
			baseConfigurationReference = 91376315A27C49B9875A6615 /* Pods.xcconfig */;
			buildSettings = {
				DSTROOT = /tmp/Plasma.dst;
				GCC_PRECOMPILE_PREFIX_HEADER = YES;
				GCC_PREFIX_HEADER = "Plasma/Plasma-Prefix.pch";
				OTHER_LDFLAGS = "-ObjC";
				PRODUCT_NAME = "$(TARGET_NAME)";
				SKIP_INSTALL = YES;
			};
			name = Debug;
		};
		B9B0FC85169C70AB00506147 /* Release */ = {
			isa = XCBuildConfiguration;
			baseConfigurationReference = 91376315A27C49B9875A6615 /* Pods.xcconfig */;
			buildSettings = {
				DSTROOT = /tmp/Plasma.dst;
				GCC_PRECOMPILE_PREFIX_HEADER = YES;
				GCC_PREFIX_HEADER = "Plasma/Plasma-Prefix.pch";
				OTHER_LDFLAGS = "-ObjC";
				PRODUCT_NAME = "$(TARGET_NAME)";
				SKIP_INSTALL = YES;
			};
			name = Release;
		};
		B9B0FC87169C70AB00506147 /* Debug */ = {
			isa = XCBuildConfiguration;
			baseConfigurationReference = EC181BEF976546739FF995C7 /* Pods-PlasmaTests.xcconfig */;
			buildSettings = {
				FRAMEWORK_SEARCH_PATHS = (
					"\"$(SDKROOT)/Developer/Library/Frameworks\"",
					"\"$(DEVELOPER_LIBRARY_DIR)/Frameworks\"",
				);
				GCC_PRECOMPILE_PREFIX_HEADER = YES;
				GCC_PREFIX_HEADER = "Plasma/Plasma-Prefix.pch";
				INFOPLIST_FILE = "PlasmaTests/PlasmaTests-Info.plist";
				PRODUCT_NAME = "$(TARGET_NAME)";
				WRAPPER_EXTENSION = octest;
			};
			name = Debug;
		};
		B9B0FC88169C70AB00506147 /* Release */ = {
			isa = XCBuildConfiguration;
			baseConfigurationReference = EC181BEF976546739FF995C7 /* Pods-PlasmaTests.xcconfig */;
			buildSettings = {
				FRAMEWORK_SEARCH_PATHS = (
					"\"$(SDKROOT)/Developer/Library/Frameworks\"",
					"\"$(DEVELOPER_LIBRARY_DIR)/Frameworks\"",
				);
				GCC_PRECOMPILE_PREFIX_HEADER = YES;
				GCC_PREFIX_HEADER = "Plasma/Plasma-Prefix.pch";
				INFOPLIST_FILE = "PlasmaTests/PlasmaTests-Info.plist";
				PRODUCT_NAME = "$(TARGET_NAME)";
				WRAPPER_EXTENSION = octest;
			};
			name = Release;
		};
/* End XCBuildConfiguration section */

/* Begin XCConfigurationList section */
		B9B0FC58169C70AB00506147 /* Build configuration list for PBXProject "Plasma" */ = {
			isa = XCConfigurationList;
			buildConfigurations = (
				B9B0FC81169C70AB00506147 /* Debug */,
				B9B0FC82169C70AB00506147 /* Release */,
			);
			defaultConfigurationIsVisible = 0;
			defaultConfigurationName = Release;
		};
		B9B0FC83169C70AB00506147 /* Build configuration list for PBXNativeTarget "Plasma" */ = {
			isa = XCConfigurationList;
			buildConfigurations = (
				B9B0FC84169C70AB00506147 /* Debug */,
				B9B0FC85169C70AB00506147 /* Release */,
			);
			defaultConfigurationIsVisible = 0;
			defaultConfigurationName = Release;
		};
		B9B0FC86169C70AB00506147 /* Build configuration list for PBXNativeTarget "PlasmaTests" */ = {
			isa = XCConfigurationList;
			buildConfigurations = (
				B9B0FC87169C70AB00506147 /* Debug */,
				B9B0FC88169C70AB00506147 /* Release */,
			);
			defaultConfigurationIsVisible = 0;
			defaultConfigurationName = Release;
		};
/* End XCConfigurationList section */
	};
	rootObject = B9B0FC55169C70AB00506147 /* Project object */;
}
